
Microsoft Visual Studio Solution File, Format Version 12.00
# Visual Studio Version 17
VisualStudioVersion = 17.14.36202.13 d17.14
MinimumVisualStudioVersion = 10.0.40219.1
Project("{FAE04EC0-301F-11D3-BF4B-00C04F79EFBC}") = "TaskManagement.Api", "TaskManagement.Api.csproj", "{223DDEAC-786C-406F-B108-C8132CF4D021}"
EndProject
Global
	GlobalSection(SolutionConfigurationPlatforms) = preSolution
		Debug|Any CPU = Debug|Any CPU
		Release|Any CPU = Release|Any CPU
	EndGlobalSection
	GlobalSection(ProjectConfigurationPlatforms) = postSolution
		{223DDEAC-786C-406F-B108-C8132CF4D021}.Debug|Any CPU.ActiveCfg = Debug|Any CPU
		{223DDEAC-786C-406F-B108-C8132CF4D021}.Debug|Any CPU.Build.0 = Debug|Any CPU
		{223DDEAC-786C-406F-B108-C8132CF4D021}.Release|Any CPU.ActiveCfg = Release|Any CPU
		{223DDEAC-786C-406F-B108-C8132CF4D021}.Release|Any CPU.Build.0 = Release|Any CPU
	EndGlobalSection
	GlobalSection(SolutionProperties) = preSolution
		HideSolutionNode = FALSE
	EndGlobalSection
	GlobalSection(ExtensibilityGlobals) = postSolution
		SolutionGuid = {0A722429-730B-4B6E-B4B2-B90E7FF918AE}
	EndGlobalSection
EndGlobal
